[[package]]
name = "allyoucanuse"
version = "1.0.1"
description = "One-liners of everything - a hodge-podge of python tools"
category = "main"
optional = false
python-versions = "*"

[metadata]
lock-version = "1.1"
python-versions = "^3.9"
content-hash = "4de48c647f1251335f9dfd6130337618d59e4178315964990afccd82ec2d9ef2"

[metadata.files]
allyoucanuse = [
    {file = "allyoucanuse-1.0.1-py3-none-any.whl", hash = "sha256:cb31f9998e2bacffc2dc385dbfacc09eaf6dca68342bf394247540e2dd907d77"},
    {file = "allyoucanuse-1.0.1.tar.gz", hash = "sha256:e92688789d702385b8d52d8fd77076dda3cb2dee21a7546a6ece18caa241df7a"},
]
